
Microsoft Visual Studio Solution File, Format Version 10.00
# Visual Studio 2008
Project("{FAE04EC0-301F-11D3-BF4B-00C04F79EFBC}") = "MangInasal", "MangInasal\MangInasal.csproj", "{A675B997-5D3E-4EDC-B4CD-921C1FA3FFC4}"
EndProject
Global
	GlobalSection(SolutionConfigurationPlatforms) = preSolution
		Debug|Any CPU = Debug|Any CPU
		Release|Any CPU = Release|Any CPU
	EndGlobalSection
	GlobalSection(ProjectConfigurationPlatforms) = postSolution
		{A675B997-5D3E-4EDC-B4CD-921C1FA3FFC4}.Debug|Any CPU.ActiveCfg = Debug|Any CPU
		{A675B997-5D3E-4EDC-B4CD-921C1FA3FFC4}.Debug|Any CPU.Build.0 = Debug|Any CPU
		{A675B997-5D3E-4EDC-B4CD-921C1FA3FFC4}.Release|Any CPU.ActiveCfg = Release|Any CPU
		{A675B997-5D3E-4EDC-B4CD-921C1FA3FFC4}.Release|Any CPU.Build.0 = Release|Any CPU
	EndGlobalSection
	GlobalSection(SolutionProperties) = preSolution
		HideSolutionNode = FALSE
	EndGlobalSection
EndGlobal
